
Microsoft Visual Studio Solution File, Format Version 12.00
# Visual Studio Version 17
VisualStudioVersion = 17.4.33213.308
MinimumVisualStudioVersion = 10.0.40219.1
Project("{FAE04EC0-301F-11D3-BF4B-00C04F79EFBC}") = "AplicativoPokemon", "AplicativoPokemon.csproj", "{3059E324-7A86-4DBD-A062-8598F93D4839}"
EndProject
Global
	GlobalSection(SolutionConfigurationPlatforms) = preSolution
		Debug|Any CPU = Debug|Any CPU
		Release|Any CPU = Release|Any CPU
	EndGlobalSection
	GlobalSection(ProjectConfigurationPlatforms) = postSolution
		{3059E324-7A86-4DBD-A062-8598F93D4839}.Debug|Any CPU.ActiveCfg = Debug|Any CPU
		{3059E324-7A86-4DBD-A062-8598F93D4839}.Debug|Any CPU.Build.0 = Debug|Any CPU
		{3059E324-7A86-4DBD-A062-8598F93D4839}.Release|Any CPU.ActiveCfg = Release|Any CPU
		{3059E324-7A86-4DBD-A062-8598F93D4839}.Release|Any CPU.Build.0 = Release|Any CPU
	EndGlobalSection
	GlobalSection(SolutionProperties) = preSolution
		HideSolutionNode = FALSE
	EndGlobalSection
	GlobalSection(ExtensibilityGlobals) = postSolution
		SolutionGuid = {5E09590A-0A75-4F1B-B1D3-B47FF61D43AE}
	EndGlobalSection
EndGlobal
